PODS:
  - Kiwi (2.4.0)
  - LPDCollectionViewKit (0.1.0):
    - ReactiveCocoa (= 2.5)
  - ReactiveCocoa (2.5):
    - ReactiveCocoa/UI (= 2.5)
  - ReactiveCocoa/Core (2.5):
    - ReactiveCocoa/no-arc
  - ReactiveCocoa/no-arc (2.5)
  - ReactiveCocoa/UI (2.5):
    - ReactiveCocoa/Core

DEPENDENCIES:
  - Kiwi
  - LPDCollectionViewKit (from `../`)

EXTERNAL SOURCES:
  LPDCollectionViewKit:
    :path: "../"

SPEC CHECKSUMS:
  Kiwi: f49c9d54b28917df5928fe44968a39ed198cb8a8
  LPDCollectionViewKit: 64fab708740b748147ae5189c9895beafbf70f4e
  ReactiveCocoa: e2db045570aa97c695e7aa97c2bcab222ae51f4a

PODFILE CHECKSUM: eab88e67374aa99200ea092cd21398b28ccc38b9

COCOAPODS: 1.1.1
